// !$*UTF8*$!
{
	archiveVersion = 1;
	classes = {
	};
	objectVersion = 46;
	objects = {

/* Begin PBXBuildFile section */
		5F727DEB1BF5BBCA001A051C /* main.m in Sources */ = {isa = PBXBuildFile; fileRef = 5F727DEA1BF5BBCA001A051C /* main.m */; };
		5F727DEE1BF5BBCA001A051C /* AppDelegate.m in Sources */ = {isa = PBXBuildFile; fileRef = 5F727DED1BF5BBCA001A051C /* AppDelegate.m */; };
		5F727DF11BF5BBCA001A051C /* FirstViewController.m in Sources */ = {isa = PBXBuildFile; fileRef = 5F727DF01BF5BBCA001A051C /* FirstViewController.m */; };
		5F727DF41BF5BBCA001A051C /* SecondViewController.m in Sources */ = {isa = PBXBuildFile; fileRef = 5F727DF31BF5BBCA001A051C /* SecondViewController.m */; };
		5F727DF71BF5BBCA001A051C /* Main.storyboard in Resources */ = {isa = PBXBuildFile; fileRef = 5F727DF51BF5BBCA001A051C /* Main.storyboard */; };
		5F727DF91BF5BBCA001A051C /* Assets.xcassets in Resources */ = {isa = PBXBuildFile; fileRef = 5F727DF81BF5BBCA001A051C /* Assets.xcassets */; };
		5F727DFC1BF5BBCA001A051C /* LaunchScreen.storyboard in Resources */ = {isa = PBXBuildFile; fileRef = 5F727DFA1BF5BBCA001A051C /* LaunchScreen.storyboard */; };
		5F727E071BF5BBCA001A051C /* ACowIOSTests.m in Sources */ = {isa = PBXBuildFile; fileRef = 5F727E061BF5BBCA001A051C /* ACowIOSTests.m */; };
		5F727E121BF5BBCA001A051C /* ACowIOSUITests.m in Sources */ = {isa = PBXBuildFile; fileRef = 5F727E111BF5BBCA001A051C /* ACowIOSUITests.m */; };
/* End PBXBuildFile section */

/* Begin PBXContainerItemProxy section */
		5F727E031BF5BBCA001A051C /* PBXContainerItemProxy */ = {
			isa = PBXContainerItemProxy;
			containerPortal = 5F727DDE1BF5BBCA001A051C /* Project object */;
			proxyType = 1;
			remoteGlobalIDString = 5F727DE51BF5BBCA001A051C;
			remoteInfo = ACowIOS;
		};
		5F727E0E1BF5BBCA001A051C /* PBXContainerItemProxy */ = {
			isa = PBXContainerItemProxy;
			containerPortal = 5F727DDE1BF5BBCA001A051C /* Project object */;
			proxyType = 1;
			remoteGlobalIDString = 5F727DE51BF5BBCA001A051C;
			remoteInfo = ACowIOS;
		};
/* End PBXContainerItemProxy section */

/* Begin PBXFileReference section */
		5F727DE61BF5BBCA001A051C /* ACowIOS.app */ = {isa = PBXFileReference; explicitFileType = wrapper.application; includeInIndex = 0; path = ACowIOS.app; sourceTree = BUILT_PRODUCTS_DIR; };
		5F727DEA1BF5BBCA001A051C /* main.m */ = {isa = PBXFileReference; lastKnownFileType = sourcecode.c.objc; path = main.m; sourceTree = "<group>"; };
		5F727DEC1BF5BBCA001A051C /* AppDelegate.h */ = {isa = PBXFileReference; lastKnownFileType = sourcecode.c.h; path = AppDelegate.h; sourceTree = "<group>"; };
		5F727DED1BF5BBCA001A051C /* AppDelegate.m */ = {isa = PBXFileReference; lastKnownFileType = sourcecode.c.objc; path = AppDelegate.m; sourceTree = "<group>"; };
		5F727DEF1BF5BBCA001A051C /* FirstViewController.h */ = {isa = PBXFileReference; lastKnownFileType = sourcecode.c.h; path = FirstViewController.h; sourceTree = "<group>"; };
		5F727DF01BF5BBCA001A051C /* FirstViewController.m */ = {isa = PBXFileReference; lastKnownFileType = sourcecode.c.objc; path = FirstViewController.m; sourceTree = "<group>"; };
		5F727DF21BF5BBCA001A051C /* SecondViewController.h */ = {isa = PBXFileReference; lastKnownFileType = sourcecode.c.h; path = SecondViewController.h; sourceTree = "<group>"; };
		5F727DF31BF5BBCA001A051C /* SecondViewController.m */ = {isa = PBXFileReference; lastKnownFileType = sourcecode.c.objc; path = SecondViewController.m; sourceTree = "<group>"; };
		5F727DF61BF5BBCA001A051C /* Base */ = {isa = PBXFileReference; lastKnownFileType = file.storyboard; name = Base; path = Base.lproj/Main.storyboard; sourceTree = "<group>"; };
		5F727DF81BF5BBCA001A051C /* Assets.xcassets */ = {isa = PBXFileReference; lastKnownFileType = folder.assetcatalog; path = Assets.xcassets; sourceTree = "<group>"; };
		5F727DFB1BF5BBCA001A051C /* Base */ = {isa = PBXFileReference; lastKnownFileType = file.storyboard; name = Base; path = Base.lproj/LaunchScreen.storyboard; sourceTree = "<group>"; };
		5F727DFD1BF5BBCA001A051C /* Info.plist */ = {isa = PBXFileReference; lastKnownFileType = text.plist.xml; path = Info.plist; sourceTree = "<group>"; };
		5F727E021BF5BBCA001A051C /* ACowIOSTests.xctest */ = {isa = PBXFileReference; explicitFileType = wrapper.cfbundle; includeInIndex = 0; path = ACowIOSTests.xctest; sourceTree = BUILT_PRODUCTS_DIR; };
		5F727E061BF5BBCA001A051C /* ACowIOSTests.m */ = {isa = PBXFileReference; lastKnownFileType = sourcecode.c.objc; path = ACowIOSTests.m; sourceTree = "<group>"; };
		5F727E081BF5BBCA001A051C /* Info.plist */ = {isa = PBXFileReference; lastKnownFileType = text.plist.xml; path = Info.plist; sourceTree = "<group>"; };
		5F727E0D1BF5BBCA001A051C /* ACowIOSUITests.xctest */ = {isa = PBXFileReference; explicitFileType = wrapper.cfbundle; includeInIndex = 0; path = ACowIOSUITests.xctest; sourceTree = BUILT_PRODUCTS_DIR; };
		5F727E111BF5BBCA001A051C /* ACowIOSUITests.m */ = {isa = PBXFileReference; lastKnownFileType = sourcecode.c.objc; path = ACowIOSUITests.m; sourceTree = "<group>"; };
		5F727E131BF5BBCA001A051C /* Info.plist */ = {isa = PBXFileReference; lastKnownFileType = text.plist.xml; path = Info.plist; sourceTree = "<group>"; };
/* End PBXFileReference section */

/* Begin PBXFrameworksBuildPhase section */
		5F727DE31BF5BBCA001A051C /* Frameworks */ = {
			isa = PBXFrameworksBuildPhase;
			buildActionMask = 2147483647;
			files = (
			);
			runOnlyForDeploymentPostprocessing = 0;
		};
		5F727DFF1BF5BBCA001A051C /* Frameworks */ = {
			isa = PBXFrameworksBuildPhase;
			buildActionMask = 2147483647;
			files = (
			);
			runOnlyForDeploymentPostprocessing = 0;
		};
		5F727E0A1BF5BBCA001A051C /* Frameworks */ = {
			isa = PBXFrameworksBuildPhase;
			buildActionMask = 2147483647;
			files = (
			);
			runOnlyForDeploymentPostprocessing = 0;
		};
/* End PBXFrameworksBuildPhase section */

/* Begin PBXGroup section */
		5F727DDD1BF5BBCA001A051C = {
			isa = PBXGroup;
			children = (
				5F727DE81BF5BBCA001A051C /* ACowIOS */,
				5F727E051BF5BBCA001A051C /* ACowIOSTests */,
				5F727E101BF5BBCA001A051C /* ACowIOSUITests */,
				5F727DE71BF5BBCA001A051C /* Products */,
			);
			sourceTree = "<group>";
		};
		5F727DE71BF5BBCA001A051C /* Products */ = {
			isa = PBXGroup;
			children = (
				5F727DE61BF5BBCA001A051C /* ACowIOS.app */,
				5F727E021BF5BBCA001A051C /* ACowIOSTests.xctest */,
				5F727E0D1BF5BBCA001A051C /* ACowIOSUITests.xctest */,
			);
			name = Products;
			sourceTree = "<group>";
		};
		5F727DE81BF5BBCA001A051C /* ACowIOS */ = {
			isa = PBXGroup;
			children = (
				5F727DEC1BF5BBCA001A051C /* AppDelegate.h */,
				5F727DED1BF5BBCA001A051C /* AppDelegate.m */,
				5F727DEF1BF5BBCA001A051C /* FirstViewController.h */,
				5F727DF01BF5BBCA001A051C /* FirstViewController.m */,
				5F727DF21BF5BBCA001A051C /* SecondViewController.h */,
				5F727DF31BF5BBCA001A051C /* SecondViewController.m */,
				5F727DF51BF5BBCA001A051C /* Main.storyboard */,
				5F727DF81BF5BBCA001A051C /* Assets.xcassets */,
				5F727DFA1BF5BBCA001A051C /* LaunchScreen.storyboard */,
				5F727DFD1BF5BBCA001A051C /* Info.plist */,
				5F727DE91BF5BBCA001A051C /* Supporting Files */,
			);
			path = ACowIOS;
			sourceTree = "<group>";
		};
		5F727DE91BF5BBCA001A051C /* Supporting Files */ = {
			isa = PBXGroup;
			children = (
				5F727DEA1BF5BBCA001A051C /* main.m */,
			);
			name = "Supporting Files";
			sourceTree = "<group>";
		};
		5F727E051BF5BBCA001A051C /* ACowIOSTests */ = {
			isa = PBXGroup;
			children = (
				5F727E061BF5BBCA001A051C /* ACowIOSTests.m */,
				5F727E081BF5BBCA001A051C /* Info.plist */,
			);
			path = ACowIOSTests;
			sourceTree = "<group>";
		};
		5F727E101BF5BBCA001A051C /* ACowIOSUITests */ = {
			isa = PBXGroup;
			children = (
				5F727E111BF5BBCA001A051C /* ACowIOSUITests.m */,
				5F727E131BF5BBCA001A051C /* Info.plist */,
			);
			path = ACowIOSUITests;
			sourceTree = "<group>";
		};
/* End PBXGroup section */

/* Begin PBXNativeTarget section */
		5F727DE51BF5BBCA001A051C /* ACowIOS */ = {
			isa = PBXNativeTarget;
			buildConfigurationList = 5F727E161BF5BBCA001A051C /* Build configuration list for PBXNativeTarget "ACowIOS" */;
			buildPhases = (
				5F727DE21BF5BBCA001A051C /* Sources */,
				5F727DE31BF5BBCA001A051C /* Frameworks */,
				5F727DE41BF5BBCA001A051C /* Resources */,
			);
			buildRules = (
			);
			dependencies = (
			);
			name = ACowIOS;
			productName = ACowIOS;
			productReference = 5F727DE61BF5BBCA001A051C /* ACowIOS.app */;
			productType = "com.apple.product-type.application";
		};
		5F727E011BF5BBCA001A051C /* ACowIOSTests */ = {
			isa = PBXNativeTarget;
			buildConfigurationList = 5F727E191BF5BBCA001A051C /* Build configuration list for PBXNativeTarget "ACowIOSTests" */;
			buildPhases = (
				5F727DFE1BF5BBCA001A051C /* Sources */,
				5F727DFF1BF5BBCA001A051C /* Frameworks */,
				5F727E001BF5BBCA001A051C /* Resources */,
			);
			buildRules = (
			);
			dependencies = (
				5F727E041BF5BBCA001A051C /* PBXTargetDependency */,
			);
			name = ACowIOSTests;
			productName = ACowIOSTests;
			productReference = 5F727E021BF5BBCA001A051C /* ACowIOSTests.xctest */;
			productType = "com.apple.product-type.bundle.unit-test";
		};
		5F727E0C1BF5BBCA001A051C /* ACowIOSUITests */ = {
			isa = PBXNativeTarget;
			buildConfigurationList = 5F727E1C1BF5BBCA001A051C /* Build configuration list for PBXNativeTarget "ACowIOSUITests" */;
			buildPhases = (
				5F727E091BF5BBCA001A051C /* Sources */,
				5F727E0A1BF5BBCA001A051C /* Frameworks */,
				5F727E0B1BF5BBCA001A051C /* Resources */,
			);
			buildRules = (
			);
			dependencies = (
				5F727E0F1BF5BBCA001A051C /* PBXTargetDependency */,
			);
			name = ACowIOSUITests;
			productName = ACowIOSUITests;
			productReference = 5F727E0D1BF5BBCA001A051C /* ACowIOSUITests.xctest */;
			productType = "com.apple.product-type.bundle.ui-testing";
		};
/* End PBXNativeTarget section */

/* Begin PBXProject section */
		5F727DDE1BF5BBCA001A051C /* Project object */ = {
			isa = PBXProject;
			attributes = {
				LastUpgradeCheck = 0710;
				ORGANIZATIONNAME = test;
				TargetAttributes = {
					5F727DE51BF5BBCA001A051C = {
						CreatedOnToolsVersion = 7.1;
					};
					5F727E011BF5BBCA001A051C = {
						CreatedOnToolsVersion = 7.1;
						TestTargetID = 5F727DE51BF5BBCA001A051C;
					};
					5F727E0C1BF5BBCA001A051C = {
						CreatedOnToolsVersion = 7.1;
						TestTargetID = 5F727DE51BF5BBCA001A051C;
					};
				};
			};
			buildConfigurationList = 5F727DE11BF5BBCA001A051C /* Build configuration list for PBXProject "ACowIOS" */;
			compatibilityVersion = "Xcode 3.2";
			developmentRegion = English;
			hasScannedForEncodings = 0;
			knownRegions = (
				en,
				Base,
			);
			mainGroup = 5F727DDD1BF5BBCA001A051C;
			productRefGroup = 5F727DE71BF5BBCA001A051C /* Products */;
			projectDirPath = "";
			projectRoot = "";
			targets = (
				5F727DE51BF5BBCA001A051C /* ACowIOS */,
				5F727E011BF5BBCA001A051C /* ACowIOSTests */,
				5F727E0C1BF5BBCA001A051C /* ACowIOSUITests */,
			);
		};
/* End PBXProject section */

/* Begin PBXResourcesBuildPhase section */
		5F727DE41BF5BBCA001A051C /* Resources */ = {
			isa = PBXResourcesBuildPhase;
			buildActionMask = 2147483647;
			files = (
				5F727DFC1BF5BBCA001A051C /* LaunchScreen.storyboard in Resources */,
				5F727DF91BF5BBCA001A051C /* Assets.xcassets in Resources */,
				5F727DF71BF5BBCA001A051C /* Main.storyboard in Resources */,
			);
			runOnlyForDeploymentPostprocessing = 0;
		};
		5F727E001BF5BBCA001A051C /* Resources */ = {
			isa = PBXResourcesBuildPhase;
			buildActionMask = 2147483647;
			files = (
			);
			runOnlyForDeploymentPostprocessing = 0;
		};
		5F727E0B1BF5BBCA001A051C /* Resources */ = {
			isa = PBXResourcesBuildPhase;
			buildActionMask = 2147483647;
			files = (
			);
			runOnlyForDeploymentPostprocessing = 0;
		};
/* End PBXResourcesBuildPhase section */

/* Begin PBXSourcesBuildPhase section */
		5F727DE21BF5BBCA001A051C /* Sources */ = {
			isa = PBXSourcesBuildPhase;
			buildActionMask = 2147483647;
			files = (
				5F727DF41BF5BBCA001A051C /* SecondViewController.m in Sources */,
				5F727DEE1BF5BBCA001A051C /* AppDelegate.m in Sources */,
				5F727DF11BF5BBCA001A051C /* FirstViewController.m in Sources */,
				5F727DEB1BF5BBCA001A051C /* main.m in Sources */,
			);
			runOnlyForDeploymentPostprocessing = 0;
		};
		5F727DFE1BF5BBCA001A051C /* Sources */ = {
			isa = PBXSourcesBuildPhase;
			buildActionMask = 2147483647;
			files = (
				5F727E071BF5BBCA001A051C /* ACowIOSTests.m in Sources */,
			);
			runOnlyForDeploymentPostprocessing = 0;
		};
		5F727E091BF5BBCA001A051C /* Sources */ = {
			isa = PBXSourcesBuildPhase;
			buildActionMask = 2147483647;
			files = (
				5F727E121BF5BBCA001A051C /* ACowIOSUITests.m in Sources */,
			);
			runOnlyForDeploymentPostprocessing = 0;
		};
/* End PBXSourcesBuildPhase section */

/* Begin PBXTargetDependency section */
		5F727E041BF5BBCA001A051C /* PBXTargetDependency */ = {
			isa = PBXTargetDependency;
			target = 5F727DE51BF5BBCA001A051C /* ACowIOS */;
			targetProxy = 5F727E031BF5BBCA001A051C /* PBXContainerItemProxy */;
		};
		5F727E0F1BF5BBCA001A051C /* PBXTargetDependency */ = {
			isa = PBXTargetDependency;
			target = 5F727DE51BF5BBCA001A051C /* ACowIOS */;
			targetProxy = 5F727E0E1BF5BBCA001A051C /* PBXContainerItemProxy */;
		};
/* End PBXTargetDependency section */

/* Begin PBXVariantGroup section */
		5F727DF51BF5BBCA001A051C /* Main.storyboard */ = {
			isa = PBXVariantGroup;
			children = (
				5F727DF61BF5BBCA001A051C /* Base */,
			);
			name = Main.storyboard;
			sourceTree = "<group>";
		};
		5F727DFA1BF5BBCA001A051C /* LaunchScreen.storyboard */ = {
			isa = PBXVariantGroup;
			children = (
				5F727DFB1BF5BBCA001A051C /* Base */,
			);
			name = LaunchScreen.storyboard;
			sourceTree = "<group>";
		};
/* End PBXVariantGroup section */

/* Begin XCBuildConfiguration section */
		5F727E141BF5BBCA001A051C /* Debug */ = {
			isa = XCBuildConfiguration;
			buildSettings = {
				ALWAYS_SEARCH_USER_PATHS = NO;
				CLANG_CXX_LANGUAGE_STANDARD = "gnu++0x";
				CLANG_CXX_LIBRARY = "libc++";
				CLANG_ENABLE_MODULES = YES;
				CLANG_ENABLE_OBJC_ARC = YES;
				CLANG_WARN_BOOL_CONVERSION = YES;
				CLANG_WARN_CONSTANT_CONVERSION = YES;
				CLANG_WARN_DIRECT_OBJC_ISA_USAGE = YES_ERROR;
				CLANG_WARN_EMPTY_BODY = YES;
				CLANG_WARN_ENUM_CONVERSION = YES;
				CLANG_WARN_INT_CONVERSION = YES;
				CLANG_WARN_OBJC_ROOT_CLASS = YES_ERROR;
				CLANG_WARN_UNREACHABLE_CODE = YES;
				CLANG_WARN__DUPLICATE_METHOD_MATCH = YES;
				"CODE_SIGN_IDENTITY[sdk=iphoneos*]" = "iPhone Developer";
				COPY_PHASE_STRIP = NO;
				DEBUG_INFORMATION_FORMAT = dwarf;
				ENABLE_STRICT_OBJC_MSGSEND = YES;
				ENABLE_TESTABILITY = YES;
				GCC_C_LANGUAGE_STANDARD = gnu99;
				GCC_DYNAMIC_NO_PIC = NO;
				GCC_NO_COMMON_BLOCKS = YES;
				GCC_OPTIMIZATION_LEVEL = 0;
				GCC_PREPROCESSOR_DEFINITIONS = (
					"DEBUG=1",
					"$(inherited)",
				);
				GCC_WARN_64_TO_32_BIT_CONVERSION = YES;
				GCC_WARN_ABOUT_RETURN_TYPE = YES_ERROR;
				GCC_WARN_UNDECLARED_SELECTOR = YES;
				GCC_WARN_UNINITIALIZED_AUTOS = YES_AGGRESSIVE;
				GCC_WARN_UNUSED_FUNCTION = YES;
				GCC_WARN_UNUSED_VARIABLE = YES;
				IPHONEOS_DEPLOYMENT_TARGET = 9.1;
				MTL_ENABLE_DEBUG_INFO = YES;
				ONLY_ACTIVE_ARCH = YES;
				SDKROOT = iphoneos;
			};
			name = Debug;
		};
		5F727E151BF5BBCA001A051C /* Release */ = {
			isa = XCBuildConfiguration;
			buildSettings = {
				ALWAYS_SEARCH_USER_PATHS = NO;
				CLANG_CXX_LANGUAGE_STANDARD = "gnu++0x";
				CLANG_CXX_LIBRARY = "libc++";
				CLANG_ENABLE_MODULES = YES;
				CLANG_ENABLE_OBJC_ARC = YES;
				CLANG_WARN_BOOL_CONVERSION = YES;
				CLANG_WARN_CONSTANT_CONVERSION = YES;
				CLANG_WARN_DIRECT_OBJC_ISA_USAGE = YES_ERROR;
				CLANG_WARN_EMPTY_BODY = YES;
				CLANG_WARN_ENUM_CONVERSION = YES;
				CLANG_WARN_INT_CONVERSION = YES;
				CLANG_WARN_OBJC_ROOT_CLASS = YES_ERROR;
				CLANG_WARN_UNREACHABLE_CODE = YES;
				CLANG_WARN__DUPLICATE_METHOD_MATCH = YES;
				"CODE_SIGN_IDENTITY[sdk=iphoneos*]" = "iPhone Developer";
				COPY_PHASE_STRIP = NO;
				DEBUG_INFORMATION_FORMAT = "dwarf-with-dsym";
				ENABLE_NS_ASSERTIONS = NO;
				ENABLE_STRICT_OBJC_MSGSEND = YES;
				GCC_C_LANGUAGE_STANDARD = gnu99;
				GCC_NO_COMMON_BLOCKS = YES;
				GCC_WARN_64_TO_32_BIT_CONVERSION = YES;
				GCC_WARN_ABOUT_RETURN_TYPE = YES_ERROR;
				GCC_WARN_UNDECLARED_SELECTOR = YES;
				GCC_WARN_UNINITIALIZED_AUTOS = YES_AGGRESSIVE;
				GCC_WARN_UNUSED_FUNCTION = YES;
				GCC_WARN_UNUSED_VARIABLE = YES;
				IPHONEOS_DEPLOYMENT_TARGET = 9.1;
				MTL_ENABLE_DEBUG_INFO = NO;
				SDKROOT = iphoneos;
				VALIDATE_PRODUCT = YES;
			};
			name = Release;
		};
		5F727E171BF5BBCA001A051C /* Debug */ = {
			isa = XCBuildConfiguration;
			buildSettings = {
				ASSETCATALOG_COMPILER_APPICON_NAME = AppIcon;
				INFOPLIST_FILE = ACowIOS/Info.plist;
				LD_RUNPATH_SEARCH_PATHS = "$(inherited) @executable_path/Frameworks";
				PRODUCT_BUNDLE_IDENTIFIER = test.ACowIOS;
				PRODUCT_NAME = "$(TARGET_NAME)";
			};
			name = Debug;
		};
		5F727E181BF5BBCA001A051C /* Release */ = {
			isa = XCBuildConfiguration;
			buildSettings = {
				ASSETCATALOG_COMPILER_APPICON_NAME = AppIcon;
				INFOPLIST_FILE = ACowIOS/Info.plist;
				LD_RUNPATH_SEARCH_PATHS = "$(inherited) @executable_path/Frameworks";
				PRODUCT_BUNDLE_IDENTIFIER = test.ACowIOS;
				PRODUCT_NAME = "$(TARGET_NAME)";
			};
			name = Release;
		};
		5F727E1A1BF5BBCA001A051C /* Debug */ = {
			isa = XCBuildConfiguration;
			buildSettings = {
				BUNDLE_LOADER = "$(TEST_HOST)";
				INFOPLIST_FILE = ACowIOSTests/Info.plist;
				LD_RUNPATH_SEARCH_PATHS = "$(inherited) @executable_path/Frameworks @loader_path/Frameworks";
				PRODUCT_BUNDLE_IDENTIFIER = test.ACowIOSTests;
				PRODUCT_NAME = "$(TARGET_NAME)";
				TEST_HOST = "$(BUILT_PRODUCTS_DIR)/ACowIOS.app/ACowIOS";
			};
			name = Debug;
		};
		5F727E1B1BF5BBCA001A051C /* Release */ = {
			isa = XCBuildConfiguration;
			buildSettings = {
				BUNDLE_LOADER = "$(TEST_HOST)";
				INFOPLIST_FILE = ACowIOSTests/Info.plist;
				LD_RUNPATH_SEARCH_PATHS = "$(inherited) @executable_path/Frameworks @loader_path/Frameworks";
				PRODUCT_BUNDLE_IDENTIFIER = test.ACowIOSTests;
				PRODUCT_NAME = "$(TARGET_NAME)";
				TEST_HOST = "$(BUILT_PRODUCTS_DIR)/ACowIOS.app/ACowIOS";
			};
			name = Release;
		};
		5F727E1D1BF5BBCA001A051C /* Debug */ = {
			isa = XCBuildConfiguration;
			buildSettings = {
				INFOPLIST_FILE = ACowIOSUITests/Info.plist;
				LD_RUNPATH_SEARCH_PATHS = "$(inherited) @executable_path/Frameworks @loader_path/Frameworks";
				PRODUCT_BUNDLE_IDENTIFIER = test.ACowIOSUITests;
				PRODUCT_NAME = "$(TARGET_NAME)";
				TEST_TARGET_NAME = ACowIOS;
				USES_XCTRUNNER = YES;
			};
			name = Debug;
		};
		5F727E1E1BF5BBCA001A051C /* Release */ = {
			isa = XCBuildConfiguration;
			buildSettings = {
				INFOPLIST_FILE = ACowIOSUITests/Info.plist;
				LD_RUNPATH_SEARCH_PATHS = "$(inherited) @executable_path/Frameworks @loader_path/Frameworks";
				PRODUCT_BUNDLE_IDENTIFIER = test.ACowIOSUITests;
				PRODUCT_NAME = "$(TARGET_NAME)";
				TEST_TARGET_NAME = ACowIOS;
				USES_XCTRUNNER = YES;
			};
			name = Release;
		};
/* End XCBuildConfiguration section */

/* Begin XCConfigurationList section */
		5F727DE11BF5BBCA001A051C /* Build configuration list for PBXProject "ACowIOS" */ = {
			isa = XCConfigurationList;
			buildConfigurations = (
				5F727E141BF5BBCA001A051C /* Debug */,
				5F727E151BF5BBCA001A051C /* Release */,
			);
			defaultConfigurationIsVisible = 0;
			defaultConfigurationName = Release;
		};
		5F727E161BF5BBCA001A051C /* Build configuration list for PBXNativeTarget "ACowIOS" */ = {
			isa = XCConfigurationList;
			buildConfigurations = (
				5F727E171BF5BBCA001A051C /* Debug */,
				5F727E181BF5BBCA001A051C /* Release */,
			);
			defaultConfigurationIsVisible = 0;
		};
		5F727E191BF5BBCA001A051C /* Build configuration list for PBXNativeTarget "ACowIOSTests" */ = {
			isa = XCConfigurationList;
			buildConfigurations = (
				5F727E1A1BF5BBCA001A051C /* Debug */,
				5F727E1B1BF5BBCA001A051C /* Release */,
			);
			defaultConfigurationIsVisible = 0;
		};
		5F727E1C1BF5BBCA001A051C /* Build configuration list for PBXNativeTarget "ACowIOSUITests" */ = {
			isa = XCConfigurationList;
			buildConfigurations = (
				5F727E1D1BF5BBCA001A051C /* Debug */,
				5F727E1E1BF5BBCA001A051C /* Release */,
			);
			defaultConfigurationIsVisible = 0;
		};
/* End XCConfigurationList section */
	};
	rootObject = 5F727DDE1BF5BBCA001A051C /* Project object */;
}
